// !$*UTF8*$!
{
	archiveVersion = 1;
	classes = {
	};
	objectVersion = 50;
	objects = {

/* Begin PBXBuildFile section */
		0C3FFA4793B50ABCF8ED98E7 /* Pods_iOScape.framework in Frameworks */ = {isa = PBXBuildFile; fileRef = C338E841A3A230507284029B /* Pods_iOScape.framework */; };
		AD5A95DB21C52CC90043DC79 /* HomeViewController.swift in Sources */ = {isa = PBXBuildFile; fileRef = AD5A95D921C52CC90043DC79 /* HomeViewController.swift */; };
		AD5A95DC21C52CC90043DC79 /* HomeViewController.xib in Resources */ = {isa = PBXBuildFile; fileRef = AD5A95DA21C52CC90043DC79 /* HomeViewController.xib */; };
		AD5A95E621C5397D0043DC79 /* MenuViewController.swift in Sources */ = {isa = PBXBuildFile; fileRef = AD5A95E521C5397D0043DC79 /* MenuViewController.swift */; };
		AD5A95EE21C6704C0043DC79 /* ConnectionViewController.swift in Sources */ = {isa = PBXBuildFile; fileRef = AD5A95EC21C6704C0043DC79 /* ConnectionViewController.swift */; };
		AD5A95EF21C6704C0043DC79 /* ConnectionViewController.xib in Resources */ = {isa = PBXBuildFile; fileRef = AD5A95ED21C6704C0043DC79 /* ConnectionViewController.xib */; };
		AD5A95F221C672AB0043DC79 /* UserManager.swift in Sources */ = {isa = PBXBuildFile; fileRef = AD5A95F121C672AB0043DC79 /* UserManager.swift */; };
		AD5A95F521C675A40043DC79 /* GoogleService-Info.plist in Resources */ = {isa = PBXBuildFile; fileRef = AD5A95F421C675A40043DC79 /* GoogleService-Info.plist */; };
		AD5A95F921C6B6E90043DC79 /* ScoresViewController.swift in Sources */ = {isa = PBXBuildFile; fileRef = AD5A95F721C6B6E90043DC79 /* ScoresViewController.swift */; };
		AD5A95FA21C6B6E90043DC79 /* ScoresViewController.xib in Resources */ = {isa = PBXBuildFile; fileRef = AD5A95F821C6B6E90043DC79 /* ScoresViewController.xib */; };
		AD5A95FE21C6BE830043DC79 /* ScoreTableViewCell.swift in Sources */ = {isa = PBXBuildFile; fileRef = AD5A95FC21C6BE830043DC79 /* ScoreTableViewCell.swift */; };
		AD5A95FF21C6BE830043DC79 /* ScoreTableViewCell.xib in Resources */ = {isa = PBXBuildFile; fileRef = AD5A95FD21C6BE830043DC79 /* ScoreTableViewCell.xib */; };
		AD5A960421C6EA780043DC79 /* HomeKit.framework in Frameworks */ = {isa = PBXBuildFile; fileRef = AD5A960321C6EA780043DC79 /* HomeKit.framework */; };
		AD5A960821C6EC450043DC79 /* SettingsViewController.swift in Sources */ = {isa = PBXBuildFile; fileRef = AD5A960621C6EC450043DC79 /* SettingsViewController.swift */; };
		AD5A960921C6EC450043DC79 /* SettingsViewController.xib in Resources */ = {isa = PBXBuildFile; fileRef = AD5A960721C6EC450043DC79 /* SettingsViewController.xib */; };
		AD5A960C21C6F79D0043DC79 /* AccessoryCell.swift in Sources */ = {isa = PBXBuildFile; fileRef = AD5A960A21C6F79D0043DC79 /* AccessoryCell.swift */; };
		AD5A960D21C6F79D0043DC79 /* AccessoryCell.xib in Resources */ = {isa = PBXBuildFile; fileRef = AD5A960B21C6F79D0043DC79 /* AccessoryCell.xib */; };
		AD5A961421C7042C0043DC79 /* Interface.storyboard in Resources */ = {isa = PBXBuildFile; fileRef = AD5A961221C7042C0043DC79 /* Interface.storyboard */; };
		AD5A961621C7042D0043DC79 /* Assets.xcassets in Resources */ = {isa = PBXBuildFile; fileRef = AD5A961521C7042D0043DC79 /* Assets.xcassets */; };
		AD5A961D21C7042D0043DC79 /* iOScape WatchKit Extension.appex in Embed App Extensions */ = {isa = PBXBuildFile; fileRef = AD5A961C21C7042D0043DC79 /* iOScape WatchKit Extension.appex */; settings = {ATTRIBUTES = (RemoveHeadersOnCopy, ); }; };
		AD5A962221C7042E0043DC79 /* InterfaceController.swift in Sources */ = {isa = PBXBuildFile; fileRef = AD5A962121C7042E0043DC79 /* InterfaceController.swift */; };
		AD5A962421C7042E0043DC79 /* ExtensionDelegate.swift in Sources */ = {isa = PBXBuildFile; fileRef = AD5A962321C7042E0043DC79 /* ExtensionDelegate.swift */; };
		AD5A962621C7042E0043DC79 /* NotificationController.swift in Sources */ = {isa = PBXBuildFile; fileRef = AD5A962521C7042E0043DC79 /* NotificationController.swift */; };
		AD5A962821C7042E0043DC79 /* Assets.xcassets in Resources */ = {isa = PBXBuildFile; fileRef = AD5A962721C7042E0043DC79 /* Assets.xcassets */; };
		AD5A962D21C7042E0043DC79 /* iOScape WatchKit.app in Embed Watch Content */ = {isa = PBXBuildFile; fileRef = AD5A961021C7042C0043DC79 /* iOScape WatchKit.app */; };
		AD6D6E2321C51A7900FDC247 /* UsefulExtensions.swift in Sources */ = {isa = PBXBuildFile; fileRef = AD6D6E2221C51A7900FDC247 /* UsefulExtensions.swift */; };
		AD6D6E2621C51AC900FDC247 /* GlobalButton.swift in Sources */ = {isa = PBXBuildFile; fileRef = AD6D6E2521C51AC900FDC247 /* GlobalButton.swift */; };
		AD6D6E2821C51AE900FDC247 /* Loader.swift in Sources */ = {isa = PBXBuildFile; fileRef = AD6D6E2721C51AE900FDC247 /* Loader.swift */; };
		ADDBE06321C5166600E7124F /* AppDelegate.swift in Sources */ = {isa = PBXBuildFile; fileRef = ADDBE06221C5166600E7124F /* AppDelegate.swift */; };
		ADDBE06A21C5166700E7124F /* Assets.xcassets in Resources */ = {isa = PBXBuildFile; fileRef = ADDBE06921C5166700E7124F /* Assets.xcassets */; };
		ADDBE06D21C5166700E7124F /* LaunchScreen.storyboard in Resources */ = {isa = PBXBuildFile; fileRef = ADDBE06B21C5166700E7124F /* LaunchScreen.storyboard */; };
/* End PBXBuildFile section */

/* Begin PBXContainerItemProxy section */
		AD5A961E21C7042D0043DC79 /* PBXContainerItemProxy */ = {
			isa = PBXContainerItemProxy;
			containerPortal = ADDBE05721C5166600E7124F /* Project object */;
			proxyType = 1;
			remoteGlobalIDString = AD5A961B21C7042D0043DC79;
			remoteInfo = "iOScape WatchKit Extension";
		};
		AD5A962B21C7042E0043DC79 /* PBXContainerItemProxy */ = {
			isa = PBXContainerItemProxy;
			containerPortal = ADDBE05721C5166600E7124F /* Project object */;
			proxyType = 1;
			remoteGlobalIDString = AD5A960F21C7042C0043DC79;
			remoteInfo = "iOScape WatchKit";
		};
/* End PBXContainerItemProxy section */

/* Begin PBXCopyFilesBuildPhase section */
		AD5A963121C7042E0043DC79 /* Embed App Extensions */ = {
			isa = PBXCopyFilesBuildPhase;
			buildActionMask = 2147483647;
			dstPath = "";
			dstSubfolderSpec = 13;
			files = (
				AD5A961D21C7042D0043DC79 /* iOScape WatchKit Extension.appex in Embed App Extensions */,
			);
			name = "Embed App Extensions";
			runOnlyForDeploymentPostprocessing = 0;
		};
		AD5A963521C7042E0043DC79 /* Embed Watch Content */ = {
			isa = PBXCopyFilesBuildPhase;
			buildActionMask = 2147483647;
			dstPath = "$(CONTENTS_FOLDER_PATH)/Watch";
			dstSubfolderSpec = 16;
			files = (
				AD5A962D21C7042E0043DC79 /* iOScape WatchKit.app in Embed Watch Content */,
			);
			name = "Embed Watch Content";
			runOnlyForDeploymentPostprocessing = 0;
		};
/* End PBXCopyFilesBuildPhase section */

/* Begin PBXFileReference section */
		680BC6DF752D4F6F06F216AD /* Pods-iOScape.release.xcconfig */ = {isa = PBXFileReference; includeInIndex = 1; lastKnownFileType = text.xcconfig; name = "Pods-iOScape.release.xcconfig"; path = "Pods/Target Support Files/Pods-iOScape/Pods-iOScape.release.xcconfig"; sourceTree = "<group>"; };
		AD5A95D921C52CC90043DC79 /* HomeViewController.swift */ = {isa = PBXFileReference; lastKnownFileType = sourcecode.swift; path = HomeViewController.swift; sourceTree = "<group>"; };
		AD5A95DA21C52CC90043DC79 /* HomeViewController.xib */ = {isa = PBXFileReference; lastKnownFileType = file.xib; path = HomeViewController.xib; sourceTree = "<group>"; };
		AD5A95E521C5397D0043DC79 /* MenuViewController.swift */ = {isa = PBXFileReference; lastKnownFileType = sourcecode.swift; path = MenuViewController.swift; sourceTree = "<group>"; };
		AD5A95EC21C6704C0043DC79 /* ConnectionViewController.swift */ = {isa = PBXFileReference; lastKnownFileType = sourcecode.swift; path = ConnectionViewController.swift; sourceTree = "<group>"; };
		AD5A95ED21C6704C0043DC79 /* ConnectionViewController.xib */ = {isa = PBXFileReference; lastKnownFileType = file.xib; path = ConnectionViewController.xib; sourceTree = "<group>"; };
		AD5A95F121C672AB0043DC79 /* UserManager.swift */ = {isa = PBXFileReference; lastKnownFileType = sourcecode.swift; path = UserManager.swift; sourceTree = "<group>"; };
		AD5A95F421C675A40043DC79 /* GoogleService-Info.plist */ = {isa = PBXFileReference; fileEncoding = 4; lastKnownFileType = text.plist.xml; path = "GoogleService-Info.plist"; sourceTree = "<group>"; };
		AD5A95F721C6B6E90043DC79 /* ScoresViewController.swift */ = {isa = PBXFileReference; lastKnownFileType = sourcecode.swift; path = ScoresViewController.swift; sourceTree = "<group>"; };
		AD5A95F821C6B6E90043DC79 /* ScoresViewController.xib */ = {isa = PBXFileReference; lastKnownFileType = file.xib; path = ScoresViewController.xib; sourceTree = "<group>"; };
		AD5A95FC21C6BE830043DC79 /* ScoreTableViewCell.swift */ = {isa = PBXFileReference; lastKnownFileType = sourcecode.swift; path = ScoreTableViewCell.swift; sourceTree = "<group>"; };
		AD5A95FD21C6BE830043DC79 /* ScoreTableViewCell.xib */ = {isa = PBXFileReference; lastKnownFileType = file.xib; path = ScoreTableViewCell.xib; sourceTree = "<group>"; };
		AD5A960021C6EA730043DC79 /* iOScape.entitlements */ = {isa = PBXFileReference; lastKnownFileType = text.plist.entitlements; path = iOScape.entitlements; sourceTree = "<group>"; };
		AD5A960321C6EA780043DC79 /* HomeKit.framework */ = {isa = PBXFileReference; lastKnownFileType = wrapper.framework; name = HomeKit.framework; path = System/Library/Frameworks/HomeKit.framework; sourceTree = SDKROOT; };
		AD5A960621C6EC450043DC79 /* SettingsViewController.swift */ = {isa = PBXFileReference; lastKnownFileType = sourcecode.swift; path = SettingsViewController.swift; sourceTree = "<group>"; };
		AD5A960721C6EC450043DC79 /* SettingsViewController.xib */ = {isa = PBXFileReference; lastKnownFileType = file.xib; path = SettingsViewController.xib; sourceTree = "<group>"; };
		AD5A960A21C6F79D0043DC79 /* AccessoryCell.swift */ = {isa = PBXFileReference; lastKnownFileType = sourcecode.swift; path = AccessoryCell.swift; sourceTree = "<group>"; };
		AD5A960B21C6F79D0043DC79 /* AccessoryCell.xib */ = {isa = PBXFileReference; lastKnownFileType = file.xib; path = AccessoryCell.xib; sourceTree = "<group>"; };
		AD5A961021C7042C0043DC79 /* iOScape WatchKit.app */ = {isa = PBXFileReference; explicitFileType = wrapper.application; includeInIndex = 0; path = "iOScape WatchKit.app"; sourceTree = BUILT_PRODUCTS_DIR; };
		AD5A961321C7042C0043DC79 /* Base */ = {isa = PBXFileReference; lastKnownFileType = file.storyboard; name = Base; path = Base.lproj/Interface.storyboard; sourceTree = "<group>"; };
		AD5A961521C7042D0043DC79 /* Assets.xcassets */ = {isa = PBXFileReference; lastKnownFileType = folder.assetcatalog; path = Assets.xcassets; sourceTree = "<group>"; };
		AD5A961721C7042D0043DC79 /* Info.plist */ = {isa = PBXFileReference; lastKnownFileType = text.plist.xml; path = Info.plist; sourceTree = "<group>"; };
		AD5A961C21C7042D0043DC79 /* iOScape WatchKit Extension.appex */ = {isa = PBXFileReference; explicitFileType = "wrapper.app-extension"; includeInIndex = 0; path = "iOScape WatchKit Extension.appex"; sourceTree = BUILT_PRODUCTS_DIR; };
		AD5A962121C7042E0043DC79 /* InterfaceController.swift */ = {isa = PBXFileReference; lastKnownFileType = sourcecode.swift; path = InterfaceController.swift; sourceTree = "<group>"; };
		AD5A962321C7042E0043DC79 /* ExtensionDelegate.swift */ = {isa = PBXFileReference; lastKnownFileType = sourcecode.swift; path = ExtensionDelegate.swift; sourceTree = "<group>"; };
		AD5A962521C7042E0043DC79 /* NotificationController.swift */ = {isa = PBXFileReference; lastKnownFileType = sourcecode.swift; path = NotificationController.swift; sourceTree = "<group>"; };
		AD5A962721C7042E0043DC79 /* Assets.xcassets */ = {isa = PBXFileReference; lastKnownFileType = folder.assetcatalog; path = Assets.xcassets; sourceTree = "<group>"; };
		AD5A962921C7042E0043DC79 /* Info.plist */ = {isa = PBXFileReference; lastKnownFileType = text.plist.xml; path = Info.plist; sourceTree = "<group>"; };
		AD5A962A21C7042E0043DC79 /* PushNotificationPayload.apns */ = {isa = PBXFileReference; lastKnownFileType = text; path = PushNotificationPayload.apns; sourceTree = "<group>"; };
		AD6D6E2221C51A7900FDC247 /* UsefulExtensions.swift */ = {isa = PBXFileReference; fileEncoding = 4; lastKnownFileType = sourcecode.swift; path = UsefulExtensions.swift; sourceTree = "<group>"; };
		AD6D6E2521C51AC900FDC247 /* GlobalButton.swift */ = {isa = PBXFileReference; fileEncoding = 4; lastKnownFileType = sourcecode.swift; path = GlobalButton.swift; sourceTree = "<group>"; };
		AD6D6E2721C51AE900FDC247 /* Loader.swift */ = {isa = PBXFileReference; fileEncoding = 4; lastKnownFileType = sourcecode.swift; path = Loader.swift; sourceTree = "<group>"; };
		ADDBE05F21C5166600E7124F /* iOScape.app */ = {isa = PBXFileReference; explicitFileType = wrapper.application; includeInIndex = 0; path = iOScape.app; sourceTree = BUILT_PRODUCTS_DIR; };
		ADDBE06221C5166600E7124F /* AppDelegate.swift */ = {isa = PBXFileReference; lastKnownFileType = sourcecode.swift; path = AppDelegate.swift; sourceTree = "<group>"; };
		ADDBE06921C5166700E7124F /* Assets.xcassets */ = {isa = PBXFileReference; lastKnownFileType = folder.assetcatalog; path = Assets.xcassets; sourceTree = "<group>"; };
		ADDBE06C21C5166700E7124F /* Base */ = {isa = PBXFileReference; lastKnownFileType = file.storyboard; name = Base; path = Base.lproj/LaunchScreen.storyboard; sourceTree = "<group>"; };
		ADDBE06E21C5166700E7124F /* Info.plist */ = {isa = PBXFileReference; lastKnownFileType = text.plist.xml; path = Info.plist; sourceTree = "<group>"; };
		C338E841A3A230507284029B /* Pods_iOScape.framework */ = {isa = PBXFileReference; explicitFileType = wrapper.framework; includeInIndex = 0; path = Pods_iOScape.framework; sourceTree = BUILT_PRODUCTS_DIR; };
		DB952F84E6316F076D55431B /* Pods-iOScape.debug.xcconfig */ = {isa = PBXFileReference; includeInIndex = 1; lastKnownFileType = text.xcconfig; name = "Pods-iOScape.debug.xcconfig"; path = "Pods/Target Support Files/Pods-iOScape/Pods-iOScape.debug.xcconfig"; sourceTree = "<group>"; };
/* End PBXFileReference section */

/* Begin PBXFrameworksBuildPhase section */
		AD5A961921C7042D0043DC79 /* Frameworks */ = {
			isa = PBXFrameworksBuildPhase;
			buildActionMask = 2147483647;
			files = (
			);
			runOnlyForDeploymentPostprocessing = 0;
		};
		ADDBE05C21C5166600E7124F /* Frameworks */ = {
			isa = PBXFrameworksBuildPhase;
			buildActionMask = 2147483647;
			files = (
				AD5A960421C6EA780043DC79 /* HomeKit.framework in Frameworks */,
				0C3FFA4793B50ABCF8ED98E7 /* Pods_iOScape.framework in Frameworks */,
			);
			runOnlyForDeploymentPostprocessing = 0;
		};
/* End PBXFrameworksBuildPhase section */

/* Begin PBXGroup section */
		5F567AFBD50DB9BCA8F1D60C /* Frameworks */ = {
			isa = PBXGroup;
			children = (
				AD5A960321C6EA780043DC79 /* HomeKit.framework */,
				C338E841A3A230507284029B /* Pods_iOScape.framework */,
			);
			name = Frameworks;
			sourceTree = "<group>";
		};
		AB36A64011B062FB3859B4A0 /* Pods */ = {
			isa = PBXGroup;
			children = (
				DB952F84E6316F076D55431B /* Pods-iOScape.debug.xcconfig */,
				680BC6DF752D4F6F06F216AD /* Pods-iOScape.release.xcconfig */,
			);
			name = Pods;
			sourceTree = "<group>";
		};
		AD5A95D721C52C710043DC79 /* Views */ = {
			isa = PBXGroup;
			children = (
				AD5A95E421C539410043DC79 /* Menu */,
				AD5A95EB21C6702E0043DC79 /* Connection */,
				AD5A95D821C52CB60043DC79 /* Home */,
				AD5A95F621C6B66E0043DC79 /* Scores */,
				AD5A960521C6EB0F0043DC79 /* Settings */,
			);
			path = Views;
			sourceTree = "<group>";
		};
		AD5A95D821C52CB60043DC79 /* Home */ = {
			isa = PBXGroup;
			children = (
				AD5A95D921C52CC90043DC79 /* HomeViewController.swift */,
				AD5A95DA21C52CC90043DC79 /* HomeViewController.xib */,
			);
			path = Home;
			sourceTree = "<group>";
		};
		AD5A95E421C539410043DC79 /* Menu */ = {
			isa = PBXGroup;
			children = (
				AD5A95E521C5397D0043DC79 /* MenuViewController.swift */,
			);
			path = Menu;
			sourceTree = "<group>";
		};
		AD5A95EB21C6702E0043DC79 /* Connection */ = {
			isa = PBXGroup;
			children = (
				AD5A95EC21C6704C0043DC79 /* ConnectionViewController.swift */,
				AD5A95ED21C6704C0043DC79 /* ConnectionViewController.xib */,
			);
			path = Connection;
			sourceTree = "<group>";
		};
		AD5A95F021C672840043DC79 /* Managers */ = {
			isa = PBXGroup;
			children = (
				AD5A95F121C672AB0043DC79 /* UserManager.swift */,
			);
			path = Managers;
			sourceTree = "<group>";
		};
		AD5A95F321C675450043DC79 /* Supporting Files */ = {
			isa = PBXGroup;
			children = (
				AD5A95F421C675A40043DC79 /* GoogleService-Info.plist */,
			);
			path = "Supporting Files";
			sourceTree = "<group>";
		};
		AD5A95F621C6B66E0043DC79 /* Scores */ = {
			isa = PBXGroup;
			children = (
				AD5A95F721C6B6E90043DC79 /* ScoresViewController.swift */,
				AD5A95F821C6B6E90043DC79 /* ScoresViewController.xib */,
				AD5A95FC21C6BE830043DC79 /* ScoreTableViewCell.swift */,
				AD5A95FD21C6BE830043DC79 /* ScoreTableViewCell.xib */,
			);
			path = Scores;
			sourceTree = "<group>";
		};
		AD5A960521C6EB0F0043DC79 /* Settings */ = {
			isa = PBXGroup;
			children = (
				AD5A960621C6EC450043DC79 /* SettingsViewController.swift */,
				AD5A960721C6EC450043DC79 /* SettingsViewController.xib */,
				AD5A960A21C6F79D0043DC79 /* AccessoryCell.swift */,
				AD5A960B21C6F79D0043DC79 /* AccessoryCell.xib */,
			);
			path = Settings;
			sourceTree = "<group>";
		};
		AD5A961121C7042C0043DC79 /* iOScape WatchKit */ = {
			isa = PBXGroup;
			children = (
				AD5A961221C7042C0043DC79 /* Interface.storyboard */,
				AD5A961521C7042D0043DC79 /* Assets.xcassets */,
				AD5A961721C7042D0043DC79 /* Info.plist */,
			);
			path = "iOScape WatchKit";
			sourceTree = "<group>";
		};
		AD5A962021C7042E0043DC79 /* iOScape WatchKit Extension */ = {
			isa = PBXGroup;
			children = (
				AD5A962121C7042E0043DC79 /* InterfaceController.swift */,
				AD5A962321C7042E0043DC79 /* ExtensionDelegate.swift */,
				AD5A962521C7042E0043DC79 /* NotificationController.swift */,
				AD5A962721C7042E0043DC79 /* Assets.xcassets */,
				AD5A962921C7042E0043DC79 /* Info.plist */,
				AD5A962A21C7042E0043DC79 /* PushNotificationPayload.apns */,
			);
			path = "iOScape WatchKit Extension";
			sourceTree = "<group>";
		};
		AD6D6E2421C51ABC00FDC247 /* Design */ = {
			isa = PBXGroup;
			children = (
				AD6D6E2721C51AE900FDC247 /* Loader.swift */,
				AD6D6E2521C51AC900FDC247 /* GlobalButton.swift */,
			);
			path = Design;
			sourceTree = "<group>";
		};
		ADDBE05621C5166600E7124F = {
			isa = PBXGroup;
			children = (
				ADDBE06121C5166600E7124F /* iOScape */,
				AD5A961121C7042C0043DC79 /* iOScape WatchKit */,
				AD5A962021C7042E0043DC79 /* iOScape WatchKit Extension */,
				ADDBE06021C5166600E7124F /* Products */,
				AB36A64011B062FB3859B4A0 /* Pods */,
				5F567AFBD50DB9BCA8F1D60C /* Frameworks */,
			);
			sourceTree = "<group>";
		};
		ADDBE06021C5166600E7124F /* Products */ = {
			isa = PBXGroup;
			children = (
				ADDBE05F21C5166600E7124F /* iOScape.app */,
				AD5A961021C7042C0043DC79 /* iOScape WatchKit.app */,
				AD5A961C21C7042D0043DC79 /* iOScape WatchKit Extension.appex */,
			);
			name = Products;
			sourceTree = "<group>";
		};
		ADDBE06121C5166600E7124F /* iOScape */ = {
			isa = PBXGroup;
			children = (
				AD5A960021C6EA730043DC79 /* iOScape.entitlements */,
				ADDBE06221C5166600E7124F /* AppDelegate.swift */,
				ADDBE06B21C5166700E7124F /* LaunchScreen.storyboard */,
				ADDBE06921C5166700E7124F /* Assets.xcassets */,
				AD5A95F021C672840043DC79 /* Managers */,
				AD5A95D721C52C710043DC79 /* Views */,
				AD6D6E2421C51ABC00FDC247 /* Design */,
				AD6D6E2221C51A7900FDC247 /* UsefulExtensions.swift */,
				ADDBE06E21C5166700E7124F /* Info.plist */,
				AD5A95F321C675450043DC79 /* Supporting Files */,
			);
			path = iOScape;
			sourceTree = "<group>";
		};
/* End PBXGroup section */

/* Begin PBXNativeTarget section */
		AD5A960F21C7042C0043DC79 /* iOScape WatchKit */ = {
			isa = PBXNativeTarget;
			buildConfigurationList = AD5A963221C7042E0043DC79 /* Build configuration list for PBXNativeTarget "iOScape WatchKit" */;
			buildPhases = (
				AD5A960E21C7042C0043DC79 /* Resources */,
				AD5A963121C7042E0043DC79 /* Embed App Extensions */,
			);
			buildRules = (
			);
			dependencies = (
				AD5A961F21C7042D0043DC79 /* PBXTargetDependency */,
			);
			name = "iOScape WatchKit";
			productName = "iOScape WatchKit";
			productReference = AD5A961021C7042C0043DC79 /* iOScape WatchKit.app */;
			productType = "com.apple.product-type.application.watchapp2";
		};
		AD5A961B21C7042D0043DC79 /* iOScape WatchKit Extension */ = {
			isa = PBXNativeTarget;
			buildConfigurationList = AD5A962E21C7042E0043DC79 /* Build configuration list for PBXNativeTarget "iOScape WatchKit Extension" */;
			buildPhases = (
				AD5A961821C7042D0043DC79 /* Sources */,
				AD5A961921C7042D0043DC79 /* Frameworks */,
				AD5A961A21C7042D0043DC79 /* Resources */,
			);
			buildRules = (
			);
			dependencies = (
			);
			name = "iOScape WatchKit Extension";
			productName = "iOScape WatchKit Extension";
			productReference = AD5A961C21C7042D0043DC79 /* iOScape WatchKit Extension.appex */;
			productType = "com.apple.product-type.watchkit2-extension";
		};
		ADDBE05E21C5166600E7124F /* iOScape */ = {
			isa = PBXNativeTarget;
			buildConfigurationList = ADDBE07121C5166700E7124F /* Build configuration list for PBXNativeTarget "iOScape" */;
			buildPhases = (
				9375DF55D8B694D06978ED73 /* [CP] Check Pods Manifest.lock */,
				ADDBE05B21C5166600E7124F /* Sources */,
				ADDBE05C21C5166600E7124F /* Frameworks */,
				ADDBE05D21C5166600E7124F /* Resources */,
				30D2096824A0FF3AA7745828 /* [CP] Embed Pods Frameworks */,
				AD5A963521C7042E0043DC79 /* Embed Watch Content */,
			);
			buildRules = (
			);
			dependencies = (
				AD5A962C21C7042E0043DC79 /* PBXTargetDependency */,
			);
			name = iOScape;
			productName = iOScape;
			productReference = ADDBE05F21C5166600E7124F /* iOScape.app */;
			productType = "com.apple.product-type.application";
		};
/* End PBXNativeTarget section */

/* Begin PBXProject section */
		ADDBE05721C5166600E7124F /* Project object */ = {
			isa = PBXProject;
			attributes = {
				LastSwiftUpdateCheck = 1010;
				LastUpgradeCheck = 1010;
				ORGANIZATIONNAME = "Alexandre Ménielle";
				TargetAttributes = {
					AD5A960F21C7042C0043DC79 = {
						CreatedOnToolsVersion = 10.1;
					};
					AD5A961B21C7042D0043DC79 = {
						CreatedOnToolsVersion = 10.1;
					};
					ADDBE05E21C5166600E7124F = {
						CreatedOnToolsVersion = 10.1;
						SystemCapabilities = {
							com.apple.HomeKit = {
								enabled = 1;
							};
						};
					};
				};
			};
			buildConfigurationList = ADDBE05A21C5166600E7124F /* Build configuration list for PBXProject "iOScape" */;
			compatibilityVersion = "Xcode 9.3";
			developmentRegion = en;
			hasScannedForEncodings = 0;
			knownRegions = (
				en,
				Base,
			);
			mainGroup = ADDBE05621C5166600E7124F;
			productRefGroup = ADDBE06021C5166600E7124F /* Products */;
			projectDirPath = "";
			projectRoot = "";
			targets = (
				ADDBE05E21C5166600E7124F /* iOScape */,
				AD5A960F21C7042C0043DC79 /* iOScape WatchKit */,
				AD5A961B21C7042D0043DC79 /* iOScape WatchKit Extension */,
			);
		};
/* End PBXProject section */

/* Begin PBXResourcesBuildPhase section */
		AD5A960E21C7042C0043DC79 /* Resources */ = {
			isa = PBXResourcesBuildPhase;
			buildActionMask = 2147483647;
			files = (
				AD5A961621C7042D0043DC79 /* Assets.xcassets in Resources */,
				AD5A961421C7042C0043DC79 /* Interface.storyboard in Resources */,
			);
			runOnlyForDeploymentPostprocessing = 0;
		};
		AD5A961A21C7042D0043DC79 /* Resources */ = {
			isa = PBXResourcesBuildPhase;
			buildActionMask = 2147483647;
			files = (
				AD5A962821C7042E0043DC79 /* Assets.xcassets in Resources */,
			);
			runOnlyForDeploymentPostprocessing = 0;
		};
		ADDBE05D21C5166600E7124F /* Resources */ = {
			isa = PBXResourcesBuildPhase;
			buildActionMask = 2147483647;
			files = (
				AD5A95EF21C6704C0043DC79 /* ConnectionViewController.xib in Resources */,
				ADDBE06D21C5166700E7124F /* LaunchScreen.storyboard in Resources */,
				AD5A95F521C675A40043DC79 /* GoogleService-Info.plist in Resources */,
				AD5A960921C6EC450043DC79 /* SettingsViewController.xib in Resources */,
				ADDBE06A21C5166700E7124F /* Assets.xcassets in Resources */,
				AD5A95DC21C52CC90043DC79 /* HomeViewController.xib in Resources */,
				AD5A95FA21C6B6E90043DC79 /* ScoresViewController.xib in Resources */,
				AD5A95FF21C6BE830043DC79 /* ScoreTableViewCell.xib in Resources */,
				AD5A960D21C6F79D0043DC79 /* AccessoryCell.xib in Resources */,
			);
			runOnlyForDeploymentPostprocessing = 0;
		};
/* End PBXResourcesBuildPhase section */

/* Begin PBXShellScriptBuildPhase section */
		30D2096824A0FF3AA7745828 /* [CP] Embed Pods Frameworks */ = {
			isa = PBXShellScriptBuildPhase;
			buildActionMask = 2147483647;
			files = (
			);
			inputPaths = (
				"${SRCROOT}/Pods/Target Support Files/Pods-iOScape/Pods-iOScape-frameworks.sh",
				"${BUILT_PRODUCTS_DIR}/BoringSSL/openssl.framework",
				"${BUILT_PRODUCTS_DIR}/GTMSessionFetcher/GTMSessionFetcher.framework",
				"${BUILT_PRODUCTS_DIR}/GoogleUtilities/GoogleUtilities.framework",
				"${BUILT_PRODUCTS_DIR}/NVActivityIndicatorView/NVActivityIndicatorView.framework",
				"${BUILT_PRODUCTS_DIR}/Protobuf/Protobuf.framework",
				"${BUILT_PRODUCTS_DIR}/RHSideButtons/RHSideButtons.framework",
				"${BUILT_PRODUCTS_DIR}/gRPC/GRPCClient.framework",
				"${BUILT_PRODUCTS_DIR}/gRPC-C++/grpcpp.framework",
				"${BUILT_PRODUCTS_DIR}/gRPC-Core/grpc.framework",
				"${BUILT_PRODUCTS_DIR}/gRPC-ProtoRPC/ProtoRPC.framework",
				"${BUILT_PRODUCTS_DIR}/gRPC-RxLibrary/RxLibrary.framework",
				"${BUILT_PRODUCTS_DIR}/leveldb-library/leveldb.framework",
				"${BUILT_PRODUCTS_DIR}/nanopb/nanopb.framework",
			);
			name = "[CP] Embed Pods Frameworks";
			outputPaths = (
				"${TARGET_BUILD_DIR}/${FRAMEWORKS_FOLDER_PATH}/openssl.framework",
				"${TARGET_BUILD_DIR}/${FRAMEWORKS_FOLDER_PATH}/GTMSessionFetcher.framework",
				"${TARGET_BUILD_DIR}/${FRAMEWORKS_FOLDER_PATH}/GoogleUtilities.framework",
				"${TARGET_BUILD_DIR}/${FRAMEWORKS_FOLDER_PATH}/NVActivityIndicatorView.framework",
				"${TARGET_BUILD_DIR}/${FRAMEWORKS_FOLDER_PATH}/Protobuf.framework",
				"${TARGET_BUILD_DIR}/${FRAMEWORKS_FOLDER_PATH}/RHSideButtons.framework",
				"${TARGET_BUILD_DIR}/${FRAMEWORKS_FOLDER_PATH}/GRPCClient.framework",
				"${TARGET_BUILD_DIR}/${FRAMEWORKS_FOLDER_PATH}/grpcpp.framework",
				"${TARGET_BUILD_DIR}/${FRAMEWORKS_FOLDER_PATH}/grpc.framework",
				"${TARGET_BUILD_DIR}/${FRAMEWORKS_FOLDER_PATH}/ProtoRPC.framework",
				"${TARGET_BUILD_DIR}/${FRAMEWORKS_FOLDER_PATH}/RxLibrary.framework",
				"${TARGET_BUILD_DIR}/${FRAMEWORKS_FOLDER_PATH}/leveldb.framework",
				"${TARGET_BUILD_DIR}/${FRAMEWORKS_FOLDER_PATH}/nanopb.framework",
			);
			runOnlyForDeploymentPostprocessing = 0;
			shellPath = /bin/sh;
			shellScript = "\"${SRCROOT}/Pods/Target Support Files/Pods-iOScape/Pods-iOScape-frameworks.sh\"\n";
			showEnvVarsInLog = 0;
		};
		9375DF55D8B694D06978ED73 /* [CP] Check Pods Manifest.lock */ = {
			isa = PBXShellScriptBuildPhase;
			buildActionMask = 2147483647;
			files = (
			);
			inputPaths = (
				"${PODS_PODFILE_DIR_PATH}/Podfile.lock",
				"${PODS_ROOT}/Manifest.lock",
			);
			name = "[CP] Check Pods Manifest.lock";
			outputPaths = (
				"$(DERIVED_FILE_DIR)/Pods-iOScape-checkManifestLockResult.txt",
			);
			runOnlyForDeploymentPostprocessing = 0;
			shellPath = /bin/sh;
			shellScript = "diff \"${PODS_PODFILE_DIR_PATH}/Podfile.lock\" \"${PODS_ROOT}/Manifest.lock\" > /dev/null\nif [ $? != 0 ] ; then\n    # print error to STDERR\n    echo \"error: The sandbox is not in sync with the Podfile.lock. Run 'pod install' or update your CocoaPods installation.\" >&2\n    exit 1\nfi\n# This output is used by Xcode 'outputs' to avoid re-running this script phase.\necho \"SUCCESS\" > \"${SCRIPT_OUTPUT_FILE_0}\"\n";
			showEnvVarsInLog = 0;
		};
/* End PBXShellScriptBuildPhase section */

/* Begin PBXSourcesBuildPhase section */
		AD5A961821C7042D0043DC79 /* Sources */ = {
			isa = PBXSourcesBuildPhase;
			buildActionMask = 2147483647;
			files = (
				AD5A962621C7042E0043DC79 /* NotificationController.swift in Sources */,
				AD5A962421C7042E0043DC79 /* ExtensionDelegate.swift in Sources */,
				AD5A962221C7042E0043DC79 /* InterfaceController.swift in Sources */,
			);
			runOnlyForDeploymentPostprocessing = 0;
		};
		ADDBE05B21C5166600E7124F /* Sources */ = {
			isa = PBXSourcesBuildPhase;
			buildActionMask = 2147483647;
			files = (
				AD5A95FE21C6BE830043DC79 /* ScoreTableViewCell.swift in Sources */,
				AD5A95DB21C52CC90043DC79 /* HomeViewController.swift in Sources */,
				AD5A960821C6EC450043DC79 /* SettingsViewController.swift in Sources */,
				AD5A95EE21C6704C0043DC79 /* ConnectionViewController.swift in Sources */,
				AD5A95E621C5397D0043DC79 /* MenuViewController.swift in Sources */,
				AD6D6E2321C51A7900FDC247 /* UsefulExtensions.swift in Sources */,
				AD5A95F921C6B6E90043DC79 /* ScoresViewController.swift in Sources */,
				AD6D6E2821C51AE900FDC247 /* Loader.swift in Sources */,
				AD6D6E2621C51AC900FDC247 /* GlobalButton.swift in Sources */,
				AD5A95F221C672AB0043DC79 /* UserManager.swift in Sources */,
				AD5A960C21C6F79D0043DC79 /* AccessoryCell.swift in Sources */,
				ADDBE06321C5166600E7124F /* AppDelegate.swift in Sources */,
			);
			runOnlyForDeploymentPostprocessing = 0;
		};
/* End PBXSourcesBuildPhase section */

/* Begin PBXTargetDependency section */
		AD5A961F21C7042D0043DC79 /* PBXTargetDependency */ = {
			isa = PBXTargetDependency;
			target = AD5A961B21C7042D0043DC79 /* iOScape WatchKit Extension */;
			targetProxy = AD5A961E21C7042D0043DC79 /* PBXContainerItemProxy */;
		};
		AD5A962C21C7042E0043DC79 /* PBXTargetDependency */ = {
			isa = PBXTargetDependency;
			target = AD5A960F21C7042C0043DC79 /* iOScape WatchKit */;
			targetProxy = AD5A962B21C7042E0043DC79 /* PBXContainerItemProxy */;
		};
/* End PBXTargetDependency section */

/* Begin PBXVariantGroup section */
		AD5A961221C7042C0043DC79 /* Interface.storyboard */ = {
			isa = PBXVariantGroup;
			children = (
				AD5A961321C7042C0043DC79 /* Base */,
			);
			name = Interface.storyboard;
			sourceTree = "<group>";
		};
		ADDBE06B21C5166700E7124F /* LaunchScreen.storyboard */ = {
			isa = PBXVariantGroup;
			children = (
				ADDBE06C21C5166700E7124F /* Base */,
			);
			name = LaunchScreen.storyboard;
			sourceTree = "<group>";
		};
/* End PBXVariantGroup section */

/* Begin XCBuildConfiguration section */
		AD5A962F21C7042E0043DC79 /* Debug */ = {
			isa = XCBuildConfiguration;
			buildSettings = {
				ASSETCATALOG_COMPILER_COMPLICATION_NAME = Complication;
				CODE_SIGN_STYLE = Automatic;
				DEVELOPMENT_TEAM = 277BZ5KBNM;
				INFOPLIST_FILE = "iOScape WatchKit Extension/Info.plist";
				LD_RUNPATH_SEARCH_PATHS = (
					"$(inherited)",
					"@executable_path/Frameworks",
					"@executable_path/../../Frameworks",
				);
				PRODUCT_BUNDLE_IDENTIFIER = com.goot.iOScape.watchkitapp.watchkitextension;
				PRODUCT_NAME = "${TARGET_NAME}";
				SDKROOT = watchos;
				SKIP_INSTALL = YES;
				SWIFT_VERSION = 4.2;
				TARGETED_DEVICE_FAMILY = 4;
				WATCHOS_DEPLOYMENT_TARGET = 5.1;
			};
			name = Debug;
		};
		AD5A963021C7042E0043DC79 /* Release */ = {
			isa = XCBuildConfiguration;
			buildSettings = {
				ASSETCATALOG_COMPILER_COMPLICATION_NAME = Complication;
				CODE_SIGN_STYLE = Automatic;
				DEVELOPMENT_TEAM = 277BZ5KBNM;
				INFOPLIST_FILE = "iOScape WatchKit Extension/Info.plist";
				LD_RUNPATH_SEARCH_PATHS = (
					"$(inherited)",
					"@executable_path/Frameworks",
					"@executable_path/../../Frameworks",
				);
				PRODUCT_BUNDLE_IDENTIFIER = com.goot.iOScape.watchkitapp.watchkitextension;
				PRODUCT_NAME = "${TARGET_NAME}";
				SDKROOT = watchos;
				SKIP_INSTALL = YES;
				SWIFT_VERSION = 4.2;
				TARGETED_DEVICE_FAMILY = 4;
				WATCHOS_DEPLOYMENT_TARGET = 5.1;
			};
			name = Release;
		};
		AD5A963321C7042E0043DC79 /* Debug */ = {
			isa = XCBuildConfiguration;
			buildSettings = {
				ALWAYS_EMBED_SWIFT_STANDARD_LIBRARIES = YES;
				ASSETCATALOG_COMPILER_APPICON_NAME = AppIcon;
				CODE_SIGN_STYLE = Automatic;
				DEVELOPMENT_TEAM = 277BZ5KBNM;
				IBSC_MODULE = iOScape_WatchKit_Extension;
				INFOPLIST_FILE = "iOScape WatchKit/Info.plist";
				PRODUCT_BUNDLE_IDENTIFIER = com.goot.iOScape.watchkitapp;
				PRODUCT_NAME = "$(TARGET_NAME)";
				SDKROOT = watchos;
				SKIP_INSTALL = YES;
				SWIFT_VERSION = 4.2;
				TARGETED_DEVICE_FAMILY = 4;
				WATCHOS_DEPLOYMENT_TARGET = 5.1;
			};
			name = Debug;
		};
		AD5A963421C7042E0043DC79 /* Release */ = {
			isa = XCBuildConfiguration;
			buildSettings = {
				ALWAYS_EMBED_SWIFT_STANDARD_LIBRARIES = YES;
				ASSETCATALOG_COMPILER_APPICON_NAME = AppIcon;
				CODE_SIGN_STYLE = Automatic;
				DEVELOPMENT_TEAM = 277BZ5KBNM;
				IBSC_MODULE = iOScape_WatchKit_Extension;
				INFOPLIST_FILE = "iOScape WatchKit/Info.plist";
				PRODUCT_BUNDLE_IDENTIFIER = com.goot.iOScape.watchkitapp;
				PRODUCT_NAME = "$(TARGET_NAME)";
				SDKROOT = watchos;
				SKIP_INSTALL = YES;
				SWIFT_VERSION = 4.2;
				TARGETED_DEVICE_FAMILY = 4;
				WATCHOS_DEPLOYMENT_TARGET = 5.1;
			};
			name = Release;
		};
		ADDBE06F21C5166700E7124F /* Debug */ = {
			isa = XCBuildConfiguration;
			buildSettings = {
				ALWAYS_SEARCH_USER_PATHS = NO;
				CLANG_ANALYZER_NONNULL = YES;
				CLANG_ANALYZER_NUMBER_OBJECT_CONVERSION = YES_AGGRESSIVE;
				CLANG_CXX_LANGUAGE_STANDARD = "gnu++14";
				CLANG_CXX_LIBRARY = "libc++";
				CLANG_ENABLE_MODULES = YES;
				CLANG_ENABLE_OBJC_ARC = YES;
				CLANG_ENABLE_OBJC_WEAK = YES;
				CLANG_WARN_BLOCK_CAPTURE_AUTORELEASING = YES;
				CLANG_WARN_BOOL_CONVERSION = YES;
				CLANG_WARN_COMMA = YES;
				CLANG_WARN_CONSTANT_CONVERSION = YES;
				CLANG_WARN_DEPRECATED_OBJC_IMPLEMENTATIONS = YES;
				CLANG_WARN_DIRECT_OBJC_ISA_USAGE = YES_ERROR;
				CLANG_WARN_DOCUMENTATION_COMMENTS = YES;
				CLANG_WARN_EMPTY_BODY = YES;
				CLANG_WARN_ENUM_CONVERSION = YES;
				CLANG_WARN_INFINITE_RECURSION = YES;
				CLANG_WARN_INT_CONVERSION = YES;
				CLANG_WARN_NON_LITERAL_NULL_CONVERSION = YES;
				CLANG_WARN_OBJC_IMPLICIT_RETAIN_SELF = YES;
				CLANG_WARN_OBJC_LITERAL_CONVERSION = YES;
				CLANG_WARN_OBJC_ROOT_CLASS = YES_ERROR;
				CLANG_WARN_RANGE_LOOP_ANALYSIS = YES;
				CLANG_WARN_STRICT_PROTOTYPES = YES;
				CLANG_WARN_SUSPICIOUS_MOVE = YES;
				CLANG_WARN_UNGUARDED_AVAILABILITY = YES_AGGRESSIVE;
				CLANG_WARN_UNREACHABLE_CODE = YES;
				CLANG_WARN__DUPLICATE_METHOD_MATCH = YES;
				CODE_SIGN_IDENTITY = "iPhone Developer";
				COPY_PHASE_STRIP = NO;
				DEBUG_INFORMATION_FORMAT = dwarf;
				ENABLE_STRICT_OBJC_MSGSEND = YES;
				ENABLE_TESTABILITY = YES;
				GCC_C_LANGUAGE_STANDARD = gnu11;
				GCC_DYNAMIC_NO_PIC = NO;
				GCC_NO_COMMON_BLOCKS = YES;
				GCC_OPTIMIZATION_LEVEL = 0;
				GCC_PREPROCESSOR_DEFINITIONS = (
					"DEBUG=1",
					"$(inherited)",
				);
				GCC_WARN_64_TO_32_BIT_CONVERSION = YES;
				GCC_WARN_ABOUT_RETURN_TYPE = YES_ERROR;
				GCC_WARN_UNDECLARED_SELECTOR = YES;
				GCC_WARN_UNINITIALIZED_AUTOS = YES_AGGRESSIVE;
				GCC_WARN_UNUSED_FUNCTION = YES;
				GCC_WARN_UNUSED_VARIABLE = YES;
				IPHONEOS_DEPLOYMENT_TARGET = 12.1;
				MTL_ENABLE_DEBUG_INFO = INCLUDE_SOURCE;
				MTL_FAST_MATH = YES;
				ONLY_ACTIVE_ARCH = YES;
				SDKROOT = iphoneos;
				SWIFT_ACTIVE_COMPILATION_CONDITIONS = DEBUG;
				SWIFT_OPTIMIZATION_LEVEL = "-Onone";
			};
			name = Debug;
		};
		ADDBE07021C5166700E7124F /* Release */ = {
			isa = XCBuildConfiguration;
			buildSettings = {
				ALWAYS_SEARCH_USER_PATHS = NO;
				CLANG_ANALYZER_NONNULL = YES;
				CLANG_ANALYZER_NUMBER_OBJECT_CONVERSION = YES_AGGRESSIVE;
				CLANG_CXX_LANGUAGE_STANDARD = "gnu++14";
				CLANG_CXX_LIBRARY = "libc++";
				CLANG_ENABLE_MODULES = YES;
				CLANG_ENABLE_OBJC_ARC = YES;
				CLANG_ENABLE_OBJC_WEAK = YES;
				CLANG_WARN_BLOCK_CAPTURE_AUTORELEASING = YES;
				CLANG_WARN_BOOL_CONVERSION = YES;
				CLANG_WARN_COMMA = YES;
				CLANG_WARN_CONSTANT_CONVERSION = YES;
				CLANG_WARN_DEPRECATED_OBJC_IMPLEMENTATIONS = YES;
				CLANG_WARN_DIRECT_OBJC_ISA_USAGE = YES_ERROR;
				CLANG_WARN_DOCUMENTATION_COMMENTS = YES;
				CLANG_WARN_EMPTY_BODY = YES;
				CLANG_WARN_ENUM_CONVERSION = YES;
				CLANG_WARN_INFINITE_RECURSION = YES;
				CLANG_WARN_INT_CONVERSION = YES;
				CLANG_WARN_NON_LITERAL_NULL_CONVERSION = YES;
				CLANG_WARN_OBJC_IMPLICIT_RETAIN_SELF = YES;
				CLANG_WARN_OBJC_LITERAL_CONVERSION = YES;
				CLANG_WARN_OBJC_ROOT_CLASS = YES_ERROR;
				CLANG_WARN_RANGE_LOOP_ANALYSIS = YES;
				CLANG_WARN_STRICT_PROTOTYPES = YES;
				CLANG_WARN_SUSPICIOUS_MOVE = YES;
				CLANG_WARN_UNGUARDED_AVAILABILITY = YES_AGGRESSIVE;
				CLANG_WARN_UNREACHABLE_CODE = YES;
				CLANG_WARN__DUPLICATE_METHOD_MATCH = YES;
				CODE_SIGN_IDENTITY = "iPhone Developer";
				COPY_PHASE_STRIP = NO;
				DEBUG_INFORMATION_FORMAT = "dwarf-with-dsym";
				ENABLE_NS_ASSERTIONS = NO;
				ENABLE_STRICT_OBJC_MSGSEND = YES;
				GCC_C_LANGUAGE_STANDARD = gnu11;
				GCC_NO_COMMON_BLOCKS = YES;
				GCC_WARN_64_TO_32_BIT_CONVERSION = YES;
				GCC_WARN_ABOUT_RETURN_TYPE = YES_ERROR;
				GCC_WARN_UNDECLARED_SELECTOR = YES;
				GCC_WARN_UNINITIALIZED_AUTOS = YES_AGGRESSIVE;
				GCC_WARN_UNUSED_FUNCTION = YES;
				GCC_WARN_UNUSED_VARIABLE = YES;
				IPHONEOS_DEPLOYMENT_TARGET = 12.1;
				MTL_ENABLE_DEBUG_INFO = NO;
				MTL_FAST_MATH = YES;
				SDKROOT = iphoneos;
				SWIFT_COMPILATION_MODE = wholemodule;
				SWIFT_OPTIMIZATION_LEVEL = "-O";
				VALIDATE_PRODUCT = YES;
			};
			name = Release;
		};
		ADDBE07221C5166700E7124F /* Debug */ = {
			isa = XCBuildConfiguration;
			baseConfigurationReference = DB952F84E6316F076D55431B /* Pods-iOScape.debug.xcconfig */;
			buildSettings = {
				ASSETCATALOG_COMPILER_APPICON_NAME = AppIcon;
				CODE_SIGN_ENTITLEMENTS = iOScape/iOScape.entitlements;
				CODE_SIGN_STYLE = Automatic;
				DEVELOPMENT_TEAM = 277BZ5KBNM;
				INFOPLIST_FILE = iOScape/Info.plist;
				LD_RUNPATH_SEARCH_PATHS = (
					"$(inherited)",
					"@executable_path/Frameworks",
				);
				PRODUCT_BUNDLE_IDENTIFIER = com.goot.iOScape;
				PRODUCT_NAME = "$(TARGET_NAME)";
				SWIFT_VERSION = 4.0;
				TARGETED_DEVICE_FAMILY = "1,2";
			};
			name = Debug;
		};
		ADDBE07321C5166700E7124F /* Release */ = {
			isa = XCBuildConfiguration;
			baseConfigurationReference = 680BC6DF752D4F6F06F216AD /* Pods-iOScape.release.xcconfig */;
			buildSettings = {
				ASSETCATALOG_COMPILER_APPICON_NAME = AppIcon;
				CODE_SIGN_ENTITLEMENTS = iOScape/iOScape.entitlements;
				CODE_SIGN_STYLE = Automatic;
				DEVELOPMENT_TEAM = 277BZ5KBNM;
				INFOPLIST_FILE = iOScape/Info.plist;
				LD_RUNPATH_SEARCH_PATHS = (
					"$(inherited)",
					"@executable_path/Frameworks",
				);
				PRODUCT_BUNDLE_IDENTIFIER = com.goot.iOScape;
				PRODUCT_NAME = "$(TARGET_NAME)";
				SWIFT_VERSION = 4.0;
				TARGETED_DEVICE_FAMILY = "1,2";
			};
			name = Release;
		};
/* End XCBuildConfiguration section */

/* Begin XCConfigurationList section */
		AD5A962E21C7042E0043DC79 /* Build configuration list for PBXNativeTarget "iOScape WatchKit Extension" */ = {
			isa = XCConfigurationList;
			buildConfigurations = (
				AD5A962F21C7042E0043DC79 /* Debug */,
				AD5A963021C7042E0043DC79 /* Release */,
			);
			defaultConfigurationIsVisible = 0;
			defaultConfigurationName = Release;
		};
		AD5A963221C7042E0043DC79 /* Build configuration list for PBXNativeTarget "iOScape WatchKit" */ = {
			isa = XCConfigurationList;
			buildConfigurations = (
				AD5A963321C7042E0043DC79 /* Debug */,
				AD5A963421C7042E0043DC79 /* Release */,
			);
			defaultConfigurationIsVisible = 0;
			defaultConfigurationName = Release;
		};
		ADDBE05A21C5166600E7124F /* Build configuration list for PBXProject "iOScape" */ = {
			isa = XCConfigurationList;
			buildConfigurations = (
				ADDBE06F21C5166700E7124F /* Debug */,
				ADDBE07021C5166700E7124F /* Release */,
			);
			defaultConfigurationIsVisible = 0;
			defaultConfigurationName = Release;
		};
		ADDBE07121C5166700E7124F /* Build configuration list for PBXNativeTarget "iOScape" */ = {
			isa = XCConfigurationList;
			buildConfigurations = (
				ADDBE07221C5166700E7124F /* Debug */,
				ADDBE07321C5166700E7124F /* Release */,
			);
			defaultConfigurationIsVisible = 0;
			defaultConfigurationName = Release;
		};
/* End XCConfigurationList section */
	};
	rootObject = ADDBE05721C5166600E7124F /* Project object */;
}
